
Microsoft Visual Studio Solution File, Format Version 12.00
# Visual Studio Version 17
VisualStudioVersion = 17.0.31903.59
MinimumVisualStudioVersion = 10.0.40219.1
Project("{FAE04EC0-301F-11D3-BF4B-00C04F79EFBC}") = "FlightBooker", "FlightBooker\FlightBooker.csproj", "{2BD75FBA-77F4-447F-B8A1-7316AB8075A5}"
EndProject
Project("{FAE04EC0-301F-11D3-BF4B-00C04F79EFBC}") = "Entities", "Entities\Entities.csproj", "{9530053D-608E-465C-8D12-4C3B26287B06}"
EndProject
Global
	GlobalSection(SolutionConfigurationPlatforms) = preSolution
		Debug|Any CPU = Debug|Any CPU
		Release|Any CPU = Release|Any CPU
	EndGlobalSection
	GlobalSection(SolutionProperties) = preSolution
		HideSolutionNode = FALSE
	EndGlobalSection
	GlobalSection(ProjectConfigurationPlatforms) = postSolution
		{2BD75FBA-77F4-447F-B8A1-7316AB8075A5}.Debug|Any CPU.ActiveCfg = Debug|Any CPU
		{2BD75FBA-77F4-447F-B8A1-7316AB8075A5}.Debug|Any CPU.Build.0 = Debug|Any CPU
		{2BD75FBA-77F4-447F-B8A1-7316AB8075A5}.Release|Any CPU.ActiveCfg = Release|Any CPU
		{2BD75FBA-77F4-447F-B8A1-7316AB8075A5}.Release|Any CPU.Build.0 = Release|Any CPU
		{9530053D-608E-465C-8D12-4C3B26287B06}.Debug|Any CPU.ActiveCfg = Debug|Any CPU
		{9530053D-608E-465C-8D12-4C3B26287B06}.Debug|Any CPU.Build.0 = Debug|Any CPU
		{9530053D-608E-465C-8D12-4C3B26287B06}.Release|Any CPU.ActiveCfg = Release|Any CPU
		{9530053D-608E-465C-8D12-4C3B26287B06}.Release|Any CPU.Build.0 = Release|Any CPU
	EndGlobalSection
EndGlobal
